
Microsoft Visual Studio Solution File, Format Version 12.00
# Visual Studio Version 17
VisualStudioVersion = 17.4.33213.308
MinimumVisualStudioVersion = 10.0.40219.1
Project("{888888A0-9F3D-457C-B088-3A5042F75D52}") = "Voice_reco", "Voice_reco.pyproj", "{7E53D27E-980A-4BD7-9656-DB9294248B4D}"
EndProject
Global
	GlobalSection(SolutionConfigurationPlatforms) = preSolution
		Debug|Any CPU = Debug|Any CPU
		Release|Any CPU = Release|Any CPU
	EndGlobalSection
	GlobalSection(ProjectConfigurationPlatforms) = postSolution
		{7E53D27E-980A-4BD7-9656-DB9294248B4D}.Debug|Any CPU.ActiveCfg = Debug|Any CPU
		{7E53D27E-980A-4BD7-9656-DB9294248B4D}.Release|Any CPU.ActiveCfg = Release|Any CPU
	EndGlobalSection
	GlobalSection(SolutionProperties) = preSolution
		HideSolutionNode = FALSE
	EndGlobalSection
	GlobalSection(ExtensibilityGlobals) = postSolution
		SolutionGuid = {E4010E27-8735-4862-8F81-072EBE3B51AE}
	EndGlobalSection
EndGlobal
